// !$*UTF8*$!
{
	archiveVersion = 1;
	classes = {
	};
	objectVersion = 46;
	objects = {

/* Begin PBXBuildFile section */
		9BD1ADDC7ECFF20ABD370052 /* Pods_MemoryUITests.framework in Frameworks */ = {isa = PBXBuildFile; fileRef = 28499EE852E4E9FAEBC158DE /* Pods_MemoryUITests.framework */; };
		AAE8062760C0A7759FBF373D /* Pods_MemoryTests.framework in Frameworks */ = {isa = PBXBuildFile; fileRef = C097C4758FFBC29604218A84 /* Pods_MemoryTests.framework */; };
		BA2FC51352FDF3B429A6134D /* Pods_Memory.framework in Frameworks */ = {isa = PBXBuildFile; fileRef = 76CF06ED157EB42526781DF3 /* Pods_Memory.framework */; };
		F71376631CC3D4720077896F /* ScoreCell.m in Sources */ = {isa = PBXBuildFile; fileRef = F71376621CC3D4720077896F /* ScoreCell.m */; };
		F72618DD1BDCADC90063DF88 /* main.m in Sources */ = {isa = PBXBuildFile; fileRef = F72618DC1BDCADC90063DF88 /* main.m */; };
		F72618E01BDCADC90063DF88 /* AppDelegate.m in Sources */ = {isa = PBXBuildFile; fileRef = F72618DF1BDCADC90063DF88 /* AppDelegate.m */; };
		F72618E61BDCADC90063DF88 /* Main.storyboard in Resources */ = {isa = PBXBuildFile; fileRef = F72618E41BDCADC90063DF88 /* Main.storyboard */; };
		F72618E81BDCADC90063DF88 /* Assets.xcassets in Resources */ = {isa = PBXBuildFile; fileRef = F72618E71BDCADC90063DF88 /* Assets.xcassets */; };
		F72618EB1BDCADC90063DF88 /* LaunchScreen.storyboard in Resources */ = {isa = PBXBuildFile; fileRef = F72618E91BDCADC90063DF88 /* LaunchScreen.storyboard */; };
		F72618F61BDCADC90063DF88 /* MemoryTests.m in Sources */ = {isa = PBXBuildFile; fileRef = F72618F51BDCADC90063DF88 /* MemoryTests.m */; };
		F72619011BDCADC90063DF88 /* MemoryUITests.m in Sources */ = {isa = PBXBuildFile; fileRef = F72619001BDCADC90063DF88 /* MemoryUITests.m */; };
		F72619171BDCB0160063DF88 /* HGRPP1.TTC in Resources */ = {isa = PBXBuildFile; fileRef = F72619161BDCB0160063DF88 /* HGRPP1.TTC */; };
		F78025121C9E839D00F8672E /* TopViewController.m in Sources */ = {isa = PBXBuildFile; fileRef = F78025111C9E839D00F8672E /* TopViewController.m */; };
		F78025151C9E83C500F8672E /* ManualViewController.m in Sources */ = {isa = PBXBuildFile; fileRef = F78025141C9E83C500F8672E /* ManualViewController.m */; };
		F78025181C9E83DC00F8672E /* PlayViewController.m in Sources */ = {isa = PBXBuildFile; fileRef = F78025171C9E83DC00F8672E /* PlayViewController.m */; };
		F780251B1C9EAAD900F8672E /* RankingViewController.m in Sources */ = {isa = PBXBuildFile; fileRef = F780251A1C9EAAD900F8672E /* RankingViewController.m */; };
		F780251E1C9EAB0400F8672E /* AboutViewController.m in Sources */ = {isa = PBXBuildFile; fileRef = F780251D1C9EAB0400F8672E /* AboutViewController.m */; };
		F7D19FA11CBA0E81001EB63B /* ResultViewController.m in Sources */ = {isa = PBXBuildFile; fileRef = F7D19FA01CBA0E81001EB63B /* ResultViewController.m */; };
		F7D19FA41CBA3269001EB63B /* ScoreObject.m in Sources */ = {isa = PBXBuildFile; fileRef = F7D19FA31CBA3269001EB63B /* ScoreObject.m */; };
/* End PBXBuildFile section */

/* Begin PBXContainerItemProxy section */
		F72618F21BDCADC90063DF88 /* PBXContainerItemProxy */ = {
			isa = PBXContainerItemProxy;
			containerPortal = F72618D01BDCADC90063DF88 /* Project object */;
			proxyType = 1;
			remoteGlobalIDString = F72618D71BDCADC90063DF88;
			remoteInfo = Memory;
		};
		F72618FD1BDCADC90063DF88 /* PBXContainerItemProxy */ = {
			isa = PBXContainerItemProxy;
			containerPortal = F72618D01BDCADC90063DF88 /* Project object */;
			proxyType = 1;
			remoteGlobalIDString = F72618D71BDCADC90063DF88;
			remoteInfo = Memory;
		};
/* End PBXContainerItemProxy section */

/* Begin PBXFileReference section */
		28499EE852E4E9FAEBC158DE /* Pods_MemoryUITests.framework */ = {isa = PBXFileReference; explicitFileType = wrapper.framework; includeInIndex = 0; path = Pods_MemoryUITests.framework; sourceTree = BUILT_PRODUCTS_DIR; };
		320157F59B58865CDB0FE348 /* Pods-Memory.debug.xcconfig */ = {isa = PBXFileReference; includeInIndex = 1; lastKnownFileType = text.xcconfig; name = "Pods-Memory.debug.xcconfig"; path = "Pods/Target Support Files/Pods-Memory/Pods-Memory.debug.xcconfig"; sourceTree = "<group>"; };
		76CF06ED157EB42526781DF3 /* Pods_Memory.framework */ = {isa = PBXFileReference; explicitFileType = wrapper.framework; includeInIndex = 0; path = Pods_Memory.framework; sourceTree = BUILT_PRODUCTS_DIR; };
		8A02C1A860671A103568B2E8 /* Pods-MemoryUITests.release.xcconfig */ = {isa = PBXFileReference; includeInIndex = 1; lastKnownFileType = text.xcconfig; name = "Pods-MemoryUITests.release.xcconfig"; path = "Pods/Target Support Files/Pods-MemoryUITests/Pods-MemoryUITests.release.xcconfig"; sourceTree = "<group>"; };
		A16E536289E49922C50AD76A /* Pods-MemoryTests.release.xcconfig */ = {isa = PBXFileReference; includeInIndex = 1; lastKnownFileType = text.xcconfig; name = "Pods-MemoryTests.release.xcconfig"; path = "Pods/Target Support Files/Pods-MemoryTests/Pods-MemoryTests.release.xcconfig"; sourceTree = "<group>"; };
		A79D87997F413731B40F53C7 /* Pods-MemoryUITests.debug.xcconfig */ = {isa = PBXFileReference; includeInIndex = 1; lastKnownFileType = text.xcconfig; name = "Pods-MemoryUITests.debug.xcconfig"; path = "Pods/Target Support Files/Pods-MemoryUITests/Pods-MemoryUITests.debug.xcconfig"; sourceTree = "<group>"; };
		ACB2CCA0A9B6A5A3C6DC72A6 /* Pods-Memory.release.xcconfig */ = {isa = PBXFileReference; includeInIndex = 1; lastKnownFileType = text.xcconfig; name = "Pods-Memory.release.xcconfig"; path = "Pods/Target Support Files/Pods-Memory/Pods-Memory.release.xcconfig"; sourceTree = "<group>"; };
		C097C4758FFBC29604218A84 /* Pods_MemoryTests.framework */ = {isa = PBXFileReference; explicitFileType = wrapper.framework; includeInIndex = 0; path = Pods_MemoryTests.framework; sourceTree = BUILT_PRODUCTS_DIR; };
		F71376611CC3D4720077896F /* ScoreCell.h */ = {isa = PBXFileReference; fileEncoding = 4; lastKnownFileType = sourcecode.c.h; name = ScoreCell.h; path = SourceCode/ScoreCell.h; sourceTree = "<group>"; };
		F71376621CC3D4720077896F /* ScoreCell.m */ = {isa = PBXFileReference; fileEncoding = 4; lastKnownFileType = sourcecode.c.objc; name = ScoreCell.m; path = SourceCode/ScoreCell.m; sourceTree = "<group>"; };
		F72618D81BDCADC90063DF88 /* Memory.app */ = {isa = PBXFileReference; explicitFileType = wrapper.application; includeInIndex = 0; path = Memory.app; sourceTree = BUILT_PRODUCTS_DIR; };
		F72618DC1BDCADC90063DF88 /* main.m */ = {isa = PBXFileReference; lastKnownFileType = sourcecode.c.objc; path = main.m; sourceTree = "<group>"; };
		F72618DE1BDCADC90063DF88 /* AppDelegate.h */ = {isa = PBXFileReference; lastKnownFileType = sourcecode.c.h; path = AppDelegate.h; sourceTree = "<group>"; };
		F72618DF1BDCADC90063DF88 /* AppDelegate.m */ = {isa = PBXFileReference; lastKnownFileType = sourcecode.c.objc; path = AppDelegate.m; sourceTree = "<group>"; };
		F72618E51BDCADC90063DF88 /* Base */ = {isa = PBXFileReference; lastKnownFileType = file.storyboard; name = Base; path = Base.lproj/Main.storyboard; sourceTree = "<group>"; };
		F72618E71BDCADC90063DF88 /* Assets.xcassets */ = {isa = PBXFileReference; lastKnownFileType = folder.assetcatalog; path = Assets.xcassets; sourceTree = "<group>"; };
		F72618EA1BDCADC90063DF88 /* Base */ = {isa = PBXFileReference; lastKnownFileType = file.storyboard; name = Base; path = Base.lproj/LaunchScreen.storyboard; sourceTree = "<group>"; };
		F72618EC1BDCADC90063DF88 /* Info.plist */ = {isa = PBXFileReference; lastKnownFileType = text.plist.xml; path = Info.plist; sourceTree = "<group>"; };
		F72618F11BDCADC90063DF88 /* MemoryTests.xctest */ = {isa = PBXFileReference; explicitFileType = wrapper.cfbundle; includeInIndex = 0; path = MemoryTests.xctest; sourceTree = BUILT_PRODUCTS_DIR; };
		F72618F51BDCADC90063DF88 /* MemoryTests.m */ = {isa = PBXFileReference; lastKnownFileType = sourcecode.c.objc; path = MemoryTests.m; sourceTree = "<group>"; };
		F72618F71BDCADC90063DF88 /* Info.plist */ = {isa = PBXFileReference; lastKnownFileType = text.plist.xml; path = Info.plist; sourceTree = "<group>"; };
		F72618FC1BDCADC90063DF88 /* MemoryUITests.xctest */ = {isa = PBXFileReference; explicitFileType = wrapper.cfbundle; includeInIndex = 0; path = MemoryUITests.xctest; sourceTree = BUILT_PRODUCTS_DIR; };
		F72619001BDCADC90063DF88 /* MemoryUITests.m */ = {isa = PBXFileReference; lastKnownFileType = sourcecode.c.objc; path = MemoryUITests.m; sourceTree = "<group>"; };
		F72619021BDCADC90063DF88 /* Info.plist */ = {isa = PBXFileReference; lastKnownFileType = text.plist.xml; path = Info.plist; sourceTree = "<group>"; };
		F72619161BDCB0160063DF88 /* HGRPP1.TTC */ = {isa = PBXFileReference; lastKnownFileType = file; name = HGRPP1.TTC; path = Resource/Fonts/HGRPP1.TTC; sourceTree = "<group>"; };
		F780250E1C9E819E00F8672E /* PrefixHeader.pch */ = {isa = PBXFileReference; fileEncoding = 4; lastKnownFileType = sourcecode.c.h; path = PrefixHeader.pch; sourceTree = "<group>"; };
		F780250F1C9E825400F8672E /* iDefine.h */ = {isa = PBXFileReference; fileEncoding = 4; lastKnownFileType = sourcecode.c.h; path = iDefine.h; sourceTree = "<group>"; };
		F78025101C9E839D00F8672E /* TopViewController.h */ = {isa = PBXFileReference; fileEncoding = 4; lastKnownFileType = sourcecode.c.h; name = TopViewController.h; path = SourceCode/TopViewController.h; sourceTree = "<group>"; };
		F78025111C9E839D00F8672E /* TopViewController.m */ = {isa = PBXFileReference; fileEncoding = 4; lastKnownFileType = sourcecode.c.objc; name = TopViewController.m; path = SourceCode/TopViewController.m; sourceTree = "<group>"; };
		F78025131C9E83C500F8672E /* ManualViewController.h */ = {isa = PBXFileReference; fileEncoding = 4; lastKnownFileType = sourcecode.c.h; name = ManualViewController.h; path = SourceCode/ManualViewController.h; sourceTree = "<group>"; };
		F78025141C9E83C500F8672E /* ManualViewController.m */ = {isa = PBXFileReference; fileEncoding = 4; lastKnownFileType = sourcecode.c.objc; name = ManualViewController.m; path = SourceCode/ManualViewController.m; sourceTree = "<group>"; };
		F78025161C9E83DC00F8672E /* PlayViewController.h */ = {isa = PBXFileReference; fileEncoding = 4; lastKnownFileType = sourcecode.c.h; name = PlayViewController.h; path = SourceCode/PlayViewController.h; sourceTree = "<group>"; };
		F78025171C9E83DC00F8672E /* PlayViewController.m */ = {isa = PBXFileReference; fileEncoding = 4; lastKnownFileType = sourcecode.c.objc; name = PlayViewController.m; path = SourceCode/PlayViewController.m; sourceTree = "<group>"; };
		F78025191C9EAAD900F8672E /* RankingViewController.h */ = {isa = PBXFileReference; fileEncoding = 4; lastKnownFileType = sourcecode.c.h; name = RankingViewController.h; path = SourceCode/RankingViewController.h; sourceTree = "<group>"; };
		F780251A1C9EAAD900F8672E /* RankingViewController.m */ = {isa = PBXFileReference; fileEncoding = 4; lastKnownFileType = sourcecode.c.objc; name = RankingViewController.m; path = SourceCode/RankingViewController.m; sourceTree = "<group>"; };
		F780251C1C9EAB0400F8672E /* AboutViewController.h */ = {isa = PBXFileReference; fileEncoding = 4; lastKnownFileType = sourcecode.c.h; name = AboutViewController.h; path = SourceCode/AboutViewController.h; sourceTree = "<group>"; };
		F780251D1C9EAB0400F8672E /* AboutViewController.m */ = {isa = PBXFileReference; fileEncoding = 4; lastKnownFileType = sourcecode.c.objc; name = AboutViewController.m; path = SourceCode/AboutViewController.m; sourceTree = "<group>"; };
		F7D19F9F1CBA0E81001EB63B /* ResultViewController.h */ = {isa = PBXFileReference; fileEncoding = 4; lastKnownFileType = sourcecode.c.h; name = ResultViewController.h; path = SourceCode/ResultViewController.h; sourceTree = "<group>"; };
		F7D19FA01CBA0E81001EB63B /* ResultViewController.m */ = {isa = PBXFileReference; fileEncoding = 4; lastKnownFileType = sourcecode.c.objc; name = ResultViewController.m; path = SourceCode/ResultViewController.m; sourceTree = "<group>"; };
		F7D19FA21CBA3269001EB63B /* ScoreObject.h */ = {isa = PBXFileReference; fileEncoding = 4; lastKnownFileType = sourcecode.c.h; name = ScoreObject.h; path = SourceCode/ScoreObject.h; sourceTree = "<group>"; };
		F7D19FA31CBA3269001EB63B /* ScoreObject.m */ = {isa = PBXFileReference; fileEncoding = 4; lastKnownFileType = sourcecode.c.objc; name = ScoreObject.m; path = SourceCode/ScoreObject.m; sourceTree = "<group>"; };
		FE7B5E4337D09BA7A75FF03D /* Pods-MemoryTests.debug.xcconfig */ = {isa = PBXFileReference; includeInIndex = 1; lastKnownFileType = text.xcconfig; name = "Pods-MemoryTests.debug.xcconfig"; path = "Pods/Target Support Files/Pods-MemoryTests/Pods-MemoryTests.debug.xcconfig"; sourceTree = "<group>"; };
/* End PBXFileReference section */

/* Begin PBXFrameworksBuildPhase section */
		F72618D51BDCADC90063DF88 /* Frameworks */ = {
			isa = PBXFrameworksBuildPhase;
			buildActionMask = 2147483647;
			files = (
				BA2FC51352FDF3B429A6134D /* Pods_Memory.framework in Frameworks */,
			);
			runOnlyForDeploymentPostprocessing = 0;
		};
		F72618EE1BDCADC90063DF88 /* Frameworks */ = {
			isa = PBXFrameworksBuildPhase;
			buildActionMask = 2147483647;
			files = (
				AAE8062760C0A7759FBF373D /* Pods_MemoryTests.framework in Frameworks */,
			);
			runOnlyForDeploymentPostprocessing = 0;
		};
		F72618F91BDCADC90063DF88 /* Frameworks */ = {
			isa = PBXFrameworksBuildPhase;
			buildActionMask = 2147483647;
			files = (
				9BD1ADDC7ECFF20ABD370052 /* Pods_MemoryUITests.framework in Frameworks */,
			);
			runOnlyForDeploymentPostprocessing = 0;
		};
/* End PBXFrameworksBuildPhase section */

/* Begin PBXGroup section */
		484EBCA41F711710004B44FB /* Helpers */ = {
			isa = PBXGroup;
			children = (
			);
			name = Helpers;
			sourceTree = "<group>";
		};
		D30BC87E539144A4DC5F5880 /* Pods */ = {
			isa = PBXGroup;
			children = (
				320157F59B58865CDB0FE348 /* Pods-Memory.debug.xcconfig */,
				ACB2CCA0A9B6A5A3C6DC72A6 /* Pods-Memory.release.xcconfig */,
				FE7B5E4337D09BA7A75FF03D /* Pods-MemoryTests.debug.xcconfig */,
				A16E536289E49922C50AD76A /* Pods-MemoryTests.release.xcconfig */,
				A79D87997F413731B40F53C7 /* Pods-MemoryUITests.debug.xcconfig */,
				8A02C1A860671A103568B2E8 /* Pods-MemoryUITests.release.xcconfig */,
			);
			name = Pods;
			sourceTree = "<group>";
		};
		F20A8A8132E07C1607261FAF /* Frameworks */ = {
			isa = PBXGroup;
			children = (
				76CF06ED157EB42526781DF3 /* Pods_Memory.framework */,
				C097C4758FFBC29604218A84 /* Pods_MemoryTests.framework */,
				28499EE852E4E9FAEBC158DE /* Pods_MemoryUITests.framework */,
			);
			name = Frameworks;
			sourceTree = "<group>";
		};
		F72618CF1BDCADC90063DF88 = {
			isa = PBXGroup;
			children = (
				F72618DA1BDCADC90063DF88 /* Memory */,
				F72618F41BDCADC90063DF88 /* MemoryTests */,
				F72618FF1BDCADC90063DF88 /* MemoryUITests */,
				F72618D91BDCADC90063DF88 /* Products */,
				D30BC87E539144A4DC5F5880 /* Pods */,
				F20A8A8132E07C1607261FAF /* Frameworks */,
			);
			sourceTree = "<group>";
		};
		F72618D91BDCADC90063DF88 /* Products */ = {
			isa = PBXGroup;
			children = (
				F72618D81BDCADC90063DF88 /* Memory.app */,
				F72618F11BDCADC90063DF88 /* MemoryTests.xctest */,
				F72618FC1BDCADC90063DF88 /* MemoryUITests.xctest */,
			);
			name = Products;
			sourceTree = "<group>";
		};
		F72618DA1BDCADC90063DF88 /* Memory */ = {
			isa = PBXGroup;
			children = (
				484EBCA41F711710004B44FB /* Helpers */,
				F726197B1BDCB0550063DF88 /* SourceCode */,
				F72619101BDCAF460063DF88 /* Resource */,
				F72618DE1BDCADC90063DF88 /* AppDelegate.h */,
				F72618DF1BDCADC90063DF88 /* AppDelegate.m */,
				F72618E41BDCADC90063DF88 /* Main.storyboard */,
				F72618E71BDCADC90063DF88 /* Assets.xcassets */,
				F72618E91BDCADC90063DF88 /* LaunchScreen.storyboard */,
				F72618EC1BDCADC90063DF88 /* Info.plist */,
				F72618DB1BDCADC90063DF88 /* Supporting Files */,
			);
			path = Memory;
			sourceTree = "<group>";
		};
		F72618DB1BDCADC90063DF88 /* Supporting Files */ = {
			isa = PBXGroup;
			children = (
				F72618DC1BDCADC90063DF88 /* main.m */,
				F780250E1C9E819E00F8672E /* PrefixHeader.pch */,
				F780250F1C9E825400F8672E /* iDefine.h */,
			);
			name = "Supporting Files";
			sourceTree = "<group>";
		};
		F72618F41BDCADC90063DF88 /* MemoryTests */ = {
			isa = PBXGroup;
			children = (
				F72618F51BDCADC90063DF88 /* MemoryTests.m */,
				F72618F71BDCADC90063DF88 /* Info.plist */,
			);
			path = MemoryTests;
			sourceTree = "<group>";
		};
		F72618FF1BDCADC90063DF88 /* MemoryUITests */ = {
			isa = PBXGroup;
			children = (
				F72619001BDCADC90063DF88 /* MemoryUITests.m */,
				F72619021BDCADC90063DF88 /* Info.plist */,
			);
			path = MemoryUITests;
			sourceTree = "<group>";
		};
		F72619101BDCAF460063DF88 /* Resource */ = {
			isa = PBXGroup;
			children = (
				F72619151BDCB0000063DF88 /* Fonts */,
			);
			name = Resource;
			sourceTree = "<group>";
		};
		F72619151BDCB0000063DF88 /* Fonts */ = {
			isa = PBXGroup;
			children = (
				F72619161BDCB0160063DF88 /* HGRPP1.TTC */,
			);
			name = Fonts;
			sourceTree = "<group>";
		};
		F726197B1BDCB0550063DF88 /* SourceCode */ = {
			isa = PBXGroup;
			children = (
				F78025101C9E839D00F8672E /* TopViewController.h */,
				F78025111C9E839D00F8672E /* TopViewController.m */,
				F78025131C9E83C500F8672E /* ManualViewController.h */,
				F78025141C9E83C500F8672E /* ManualViewController.m */,
				F78025161C9E83DC00F8672E /* PlayViewController.h */,
				F78025171C9E83DC00F8672E /* PlayViewController.m */,
				F78025191C9EAAD900F8672E /* RankingViewController.h */,
				F780251A1C9EAAD900F8672E /* RankingViewController.m */,
				F780251C1C9EAB0400F8672E /* AboutViewController.h */,
				F780251D1C9EAB0400F8672E /* AboutViewController.m */,
				F7D19F9F1CBA0E81001EB63B /* ResultViewController.h */,
				F7D19FA01CBA0E81001EB63B /* ResultViewController.m */,
				F7D19FA21CBA3269001EB63B /* ScoreObject.h */,
				F7D19FA31CBA3269001EB63B /* ScoreObject.m */,
				F71376611CC3D4720077896F /* ScoreCell.h */,
				F71376621CC3D4720077896F /* ScoreCell.m */,
			);
			name = SourceCode;
			sourceTree = "<group>";
		};
/* End PBXGroup section */

/* Begin PBXNativeTarget section */
		F72618D71BDCADC90063DF88 /* Memory */ = {
			isa = PBXNativeTarget;
			buildConfigurationList = F72619051BDCADC90063DF88 /* Build configuration list for PBXNativeTarget "Memory" */;
			buildPhases = (
				BB75B33650D8CA949D23FD3E /* [CP] Check Pods Manifest.lock */,
				F72618D41BDCADC90063DF88 /* Sources */,
				F72618D51BDCADC90063DF88 /* Frameworks */,
				F72618D61BDCADC90063DF88 /* Resources */,
				8686D1FF5FE722D96CB4A133 /* [CP] Embed Pods Frameworks */,
				91B2A1202B7B0ABE57D3608E /* [CP] Copy Pods Resources */,
			);
			buildRules = (
			);
			dependencies = (
			);
			name = Memory;
			productName = Memory;
			productReference = F72618D81BDCADC90063DF88 /* Memory.app */;
			productType = "com.apple.product-type.application";
		};
		F72618F01BDCADC90063DF88 /* MemoryTests */ = {
			isa = PBXNativeTarget;
			buildConfigurationList = F72619081BDCADC90063DF88 /* Build configuration list for PBXNativeTarget "MemoryTests" */;
			buildPhases = (
				EDBD16F43D97060148E7BAFB /* [CP] Check Pods Manifest.lock */,
				F72618ED1BDCADC90063DF88 /* Sources */,
				F72618EE1BDCADC90063DF88 /* Frameworks */,
				F72618EF1BDCADC90063DF88 /* Resources */,
				30D949A2CAE89B6F50CF38AD /* [CP] Embed Pods Frameworks */,
				00B2965B333485EC549386E1 /* [CP] Copy Pods Resources */,
			);
			buildRules = (
			);
			dependencies = (
				F72618F31BDCADC90063DF88 /* PBXTargetDependency */,
			);
			name = MemoryTests;
			productName = MemoryTests;
			productReference = F72618F11BDCADC90063DF88 /* MemoryTests.xctest */;
			productType = "com.apple.product-type.bundle.unit-test";
		};
		F72618FB1BDCADC90063DF88 /* MemoryUITests */ = {
			isa = PBXNativeTarget;
			buildConfigurationList = F726190B1BDCADC90063DF88 /* Build configuration list for PBXNativeTarget "MemoryUITests" */;
			buildPhases = (
				65B0029C9AB83D5FDD233F78 /* [CP] Check Pods Manifest.lock */,
				F72618F81BDCADC90063DF88 /* Sources */,
				F72618F91BDCADC90063DF88 /* Frameworks */,
				F72618FA1BDCADC90063DF88 /* Resources */,
				D260A8877D5103FFCFC68405 /* [CP] Embed Pods Frameworks */,
				6BDEC28602BC1041A781C38B /* [CP] Copy Pods Resources */,
			);
			buildRules = (
			);
			dependencies = (
				F72618FE1BDCADC90063DF88 /* PBXTargetDependency */,
			);
			name = MemoryUITests;
			productName = MemoryUITests;
			productReference = F72618FC1BDCADC90063DF88 /* MemoryUITests.xctest */;
			productType = "com.apple.product-type.bundle.ui-testing";
		};
/* End PBXNativeTarget section */

/* Begin PBXProject section */
		F72618D01BDCADC90063DF88 /* Project object */ = {
			isa = PBXProject;
			attributes = {
				LastUpgradeCheck = 0700;
				ORGANIZATIONNAME = hungnv;
				TargetAttributes = {
					F72618D71BDCADC90063DF88 = {
						CreatedOnToolsVersion = 7.0.1;
						DevelopmentTeam = H4CR2L3EVK;
						LastSwiftMigration = 0830;
						ProvisioningStyle = Manual;
					};
					F72618F01BDCADC90063DF88 = {
						CreatedOnToolsVersion = 7.0.1;
						LastSwiftMigration = 0830;
						TestTargetID = F72618D71BDCADC90063DF88;
					};
					F72618FB1BDCADC90063DF88 = {
						CreatedOnToolsVersion = 7.0.1;
						LastSwiftMigration = 0830;
						TestTargetID = F72618D71BDCADC90063DF88;
					};
				};
			};
			buildConfigurationList = F72618D31BDCADC90063DF88 /* Build configuration list for PBXProject "Memory" */;
			compatibilityVersion = "Xcode 3.2";
			developmentRegion = English;
			hasScannedForEncodings = 0;
			knownRegions = (
				en,
				Base,
			);
			mainGroup = F72618CF1BDCADC90063DF88;
			productRefGroup = F72618D91BDCADC90063DF88 /* Products */;
			projectDirPath = "";
			projectRoot = "";
			targets = (
				F72618D71BDCADC90063DF88 /* Memory */,
				F72618F01BDCADC90063DF88 /* MemoryTests */,
				F72618FB1BDCADC90063DF88 /* MemoryUITests */,
			);
		};
/* End PBXProject section */

/* Begin PBXResourcesBuildPhase section */
		F72618D61BDCADC90063DF88 /* Resources */ = {
			isa = PBXResourcesBuildPhase;
			buildActionMask = 2147483647;
			files = (
				F72619171BDCB0160063DF88 /* HGRPP1.TTC in Resources */,
				F72618EB1BDCADC90063DF88 /* LaunchScreen.storyboard in Resources */,
				F72618E81BDCADC90063DF88 /* Assets.xcassets in Resources */,
				F72618E61BDCADC90063DF88 /* Main.storyboard in Resources */,
			);
			runOnlyForDeploymentPostprocessing = 0;
		};
		F72618EF1BDCADC90063DF88 /* Resources */ = {
			isa = PBXResourcesBuildPhase;
			buildActionMask = 2147483647;
			files = (
			);
			runOnlyForDeploymentPostprocessing = 0;
		};
		F72618FA1BDCADC90063DF88 /* Resources */ = {
			isa = PBXResourcesBuildPhase;
			buildActionMask = 2147483647;
			files = (
			);
			runOnlyForDeploymentPostprocessing = 0;
		};
/* End PBXResourcesBuildPhase section */

/* Begin PBXShellScriptBuildPhase section */
		00B2965B333485EC549386E1 /* [CP] Copy Pods Resources */ = {
			isa = PBXShellScriptBuildPhase;
			buildActionMask = 2147483647;
			files = (
			);
			inputPaths = (
			);
			name = "[CP] Copy Pods Resources";
			outputPaths = (
			);
			runOnlyForDeploymentPostprocessing = 0;
			shellPath = /bin/sh;
			shellScript = "\"${SRCROOT}/Pods/Target Support Files/Pods-MemoryTests/Pods-MemoryTests-resources.sh\"\n";
			showEnvVarsInLog = 0;
		};
		30D949A2CAE89B6F50CF38AD /* [CP] Embed Pods Frameworks */ = {
			isa = PBXShellScriptBuildPhase;
			buildActionMask = 2147483647;
			files = (
			);
			inputPaths = (
			);
			name = "[CP] Embed Pods Frameworks";
			outputPaths = (
			);
			runOnlyForDeploymentPostprocessing = 0;
			shellPath = /bin/sh;
			shellScript = "\"${SRCROOT}/Pods/Target Support Files/Pods-MemoryTests/Pods-MemoryTests-frameworks.sh\"\n";
			showEnvVarsInLog = 0;
		};
		65B0029C9AB83D5FDD233F78 /* [CP] Check Pods Manifest.lock */ = {
			isa = PBXShellScriptBuildPhase;
			buildActionMask = 2147483647;
			files = (
			);
			inputPaths = (
				"${PODS_PODFILE_DIR_PATH}/Podfile.lock",
				"${PODS_ROOT}/Manifest.lock",
			);
			name = "[CP] Check Pods Manifest.lock";
			outputPaths = (
				"$(DERIVED_FILE_DIR)/Pods-MemoryUITests-checkManifestLockResult.txt",
			);
			runOnlyForDeploymentPostprocessing = 0;
			shellPath = /bin/sh;
			shellScript = "diff \"${PODS_PODFILE_DIR_PATH}/Podfile.lock\" \"${PODS_ROOT}/Manifest.lock\" > /dev/null\nif [ $? != 0 ] ; then\n    # print error to STDERR\n    echo \"error: The sandbox is not in sync with the Podfile.lock. Run 'pod install' or update your CocoaPods installation.\" >&2\n    exit 1\nfi\n# This output is used by Xcode 'outputs' to avoid re-running this script phase.\necho \"SUCCESS\" > \"${SCRIPT_OUTPUT_FILE_0}\"\n";
			showEnvVarsInLog = 0;
		};
		6BDEC28602BC1041A781C38B /* [CP] Copy Pods Resources */ = {
			isa = PBXShellScriptBuildPhase;
			buildActionMask = 2147483647;
			files = (
			);
			inputPaths = (
			);
			name = "[CP] Copy Pods Resources";
			outputPaths = (
			);
			runOnlyForDeploymentPostprocessing = 0;
			shellPath = /bin/sh;
			shellScript = "\"${SRCROOT}/Pods/Target Support Files/Pods-MemoryUITests/Pods-MemoryUITests-resources.sh\"\n";
			showEnvVarsInLog = 0;
		};
		8686D1FF5FE722D96CB4A133 /* [CP] Embed Pods Frameworks */ = {
			isa = PBXShellScriptBuildPhase;
			buildActionMask = 2147483647;
			files = (
			);
			inputPaths = (
				"${SRCROOT}/Pods/Target Support Files/Pods-Memory/Pods-Memory-frameworks.sh",
				"${BUILT_PRODUCTS_DIR}/GoogleToolboxForMac/GoogleToolboxForMac.framework",
			);
			name = "[CP] Embed Pods Frameworks";
			outputPaths = (
				"${TARGET_BUILD_DIR}/${FRAMEWORKS_FOLDER_PATH}/GoogleToolboxForMac.framework",
			);
			runOnlyForDeploymentPostprocessing = 0;
			shellPath = /bin/sh;
			shellScript = "\"${SRCROOT}/Pods/Target Support Files/Pods-Memory/Pods-Memory-frameworks.sh\"\n";
			showEnvVarsInLog = 0;
		};
		91B2A1202B7B0ABE57D3608E /* [CP] Copy Pods Resources */ = {
			isa = PBXShellScriptBuildPhase;
			buildActionMask = 2147483647;
			files = (
			);
			inputPaths = (
			);
			name = "[CP] Copy Pods Resources";
			outputPaths = (
			);
			runOnlyForDeploymentPostprocessing = 0;
			shellPath = /bin/sh;
			shellScript = "\"${SRCROOT}/Pods/Target Support Files/Pods-Memory/Pods-Memory-resources.sh\"\n";
			showEnvVarsInLog = 0;
		};
		BB75B33650D8CA949D23FD3E /* [CP] Check Pods Manifest.lock */ = {
			isa = PBXShellScriptBuildPhase;
			buildActionMask = 2147483647;
			files = (
			);
			inputPaths = (
				"${PODS_PODFILE_DIR_PATH}/Podfile.lock",
				"${PODS_ROOT}/Manifest.lock",
			);
			name = "[CP] Check Pods Manifest.lock";
			outputPaths = (
				"$(DERIVED_FILE_DIR)/Pods-Memory-checkManifestLockResult.txt",
			);
			runOnlyForDeploymentPostprocessing = 0;
			shellPath = /bin/sh;
			shellScript = "diff \"${PODS_PODFILE_DIR_PATH}/Podfile.lock\" \"${PODS_ROOT}/Manifest.lock\" > /dev/null\nif [ $? != 0 ] ; then\n    # print error to STDERR\n    echo \"error: The sandbox is not in sync with the Podfile.lock. Run 'pod install' or update your CocoaPods installation.\" >&2\n    exit 1\nfi\n# This output is used by Xcode 'outputs' to avoid re-running this script phase.\necho \"SUCCESS\" > \"${SCRIPT_OUTPUT_FILE_0}\"\n";
			showEnvVarsInLog = 0;
		};
		D260A8877D5103FFCFC68405 /* [CP] Embed Pods Frameworks */ = {
			isa = PBXShellScriptBuildPhase;
			buildActionMask = 2147483647;
			files = (
			);
			inputPaths = (
			);
			name = "[CP] Embed Pods Frameworks";
			outputPaths = (
			);
			runOnlyForDeploymentPostprocessing = 0;
			shellPath = /bin/sh;
			shellScript = "\"${SRCROOT}/Pods/Target Support Files/Pods-MemoryUITests/Pods-MemoryUITests-frameworks.sh\"\n";
			showEnvVarsInLog = 0;
		};
		EDBD16F43D97060148E7BAFB /* [CP] Check Pods Manifest.lock */ = {
			isa = PBXShellScriptBuildPhase;
			buildActionMask = 2147483647;
			files = (
			);
			inputPaths = (
				"${PODS_PODFILE_DIR_PATH}/Podfile.lock",
				"${PODS_ROOT}/Manifest.lock",
			);
			name = "[CP] Check Pods Manifest.lock";
			outputPaths = (
				"$(DERIVED_FILE_DIR)/Pods-MemoryTests-checkManifestLockResult.txt",
			);
			runOnlyForDeploymentPostprocessing = 0;
			shellPath = /bin/sh;
			shellScript = "diff \"${PODS_PODFILE_DIR_PATH}/Podfile.lock\" \"${PODS_ROOT}/Manifest.lock\" > /dev/null\nif [ $? != 0 ] ; then\n    # print error to STDERR\n    echo \"error: The sandbox is not in sync with the Podfile.lock. Run 'pod install' or update your CocoaPods installation.\" >&2\n    exit 1\nfi\n# This output is used by Xcode 'outputs' to avoid re-running this script phase.\necho \"SUCCESS\" > \"${SCRIPT_OUTPUT_FILE_0}\"\n";
			showEnvVarsInLog = 0;
		};
/* End PBXShellScriptBuildPhase section */

/* Begin PBXSourcesBuildPhase section */
		F72618D41BDCADC90063DF88 /* Sources */ = {
			isa = PBXSourcesBuildPhase;
			buildActionMask = 2147483647;
			files = (
				F78025121C9E839D00F8672E /* TopViewController.m in Sources */,
				F72618E01BDCADC90063DF88 /* AppDelegate.m in Sources */,
				F780251E1C9EAB0400F8672E /* AboutViewController.m in Sources */,
				F72618DD1BDCADC90063DF88 /* main.m in Sources */,
				F780251B1C9EAAD900F8672E /* RankingViewController.m in Sources */,
				F78025151C9E83C500F8672E /* ManualViewController.m in Sources */,
				F71376631CC3D4720077896F /* ScoreCell.m in Sources */,
				F78025181C9E83DC00F8672E /* PlayViewController.m in Sources */,
				F7D19FA41CBA3269001EB63B /* ScoreObject.m in Sources */,
				F7D19FA11CBA0E81001EB63B /* ResultViewController.m in Sources */,
			);
			runOnlyForDeploymentPostprocessing = 0;
		};
		F72618ED1BDCADC90063DF88 /* Sources */ = {
			isa = PBXSourcesBuildPhase;
			buildActionMask = 2147483647;
			files = (
				F72618F61BDCADC90063DF88 /* MemoryTests.m in Sources */,
			);
			runOnlyForDeploymentPostprocessing = 0;
		};
		F72618F81BDCADC90063DF88 /* Sources */ = {
			isa = PBXSourcesBuildPhase;
			buildActionMask = 2147483647;
			files = (
				F72619011BDCADC90063DF88 /* MemoryUITests.m in Sources */,
			);
			runOnlyForDeploymentPostprocessing = 0;
		};
/* End PBXSourcesBuildPhase section */

/* Begin PBXTargetDependency section */
		F72618F31BDCADC90063DF88 /* PBXTargetDependency */ = {
			isa = PBXTargetDependency;
			target = F72618D71BDCADC90063DF88 /* Memory */;
			targetProxy = F72618F21BDCADC90063DF88 /* PBXContainerItemProxy */;
		};
		F72618FE1BDCADC90063DF88 /* PBXTargetDependency */ = {
			isa = PBXTargetDependency;
			target = F72618D71BDCADC90063DF88 /* Memory */;
			targetProxy = F72618FD1BDCADC90063DF88 /* PBXContainerItemProxy */;
		};
/* End PBXTargetDependency section */

/* Begin PBXVariantGroup section */
		F72618E41BDCADC90063DF88 /* Main.storyboard */ = {
			isa = PBXVariantGroup;
			children = (
				F72618E51BDCADC90063DF88 /* Base */,
			);
			name = Main.storyboard;
			sourceTree = "<group>";
		};
		F72618E91BDCADC90063DF88 /* LaunchScreen.storyboard */ = {
			isa = PBXVariantGroup;
			children = (
				F72618EA1BDCADC90063DF88 /* Base */,
			);
			name = LaunchScreen.storyboard;
			sourceTree = "<group>";
		};
/* End PBXVariantGroup section */

/* Begin XCBuildConfiguration section */
		F72619031BDCADC90063DF88 /* Debug */ = {
			isa = XCBuildConfiguration;
			buildSettings = {
				ALWAYS_SEARCH_USER_PATHS = NO;
				CLANG_CXX_LANGUAGE_STANDARD = "gnu++0x";
				CLANG_CXX_LIBRARY = "libc++";
				CLANG_ENABLE_MODULES = YES;
				CLANG_ENABLE_OBJC_ARC = YES;
				CLANG_WARN_BOOL_CONVERSION = YES;
				CLANG_WARN_CONSTANT_CONVERSION = YES;
				CLANG_WARN_DIRECT_OBJC_ISA_USAGE = YES_ERROR;
				CLANG_WARN_EMPTY_BODY = YES;
				CLANG_WARN_ENUM_CONVERSION = YES;
				CLANG_WARN_INT_CONVERSION = YES;
				CLANG_WARN_OBJC_ROOT_CLASS = YES_ERROR;
				CLANG_WARN_UNREACHABLE_CODE = YES;
				CLANG_WARN__DUPLICATE_METHOD_MATCH = YES;
				"CODE_SIGN_IDENTITY[sdk=iphoneos*]" = "iPhone Developer";
				COPY_PHASE_STRIP = NO;
				DEBUG_INFORMATION_FORMAT = dwarf;
				ENABLE_STRICT_OBJC_MSGSEND = YES;
				ENABLE_TESTABILITY = YES;
				GCC_C_LANGUAGE_STANDARD = gnu99;
				GCC_DYNAMIC_NO_PIC = NO;
				GCC_NO_COMMON_BLOCKS = YES;
				GCC_OPTIMIZATION_LEVEL = 0;
				GCC_PREPROCESSOR_DEFINITIONS = (
					"DEBUG=1",
					"$(inherited)",
				);
				GCC_WARN_64_TO_32_BIT_CONVERSION = YES;
				GCC_WARN_ABOUT_RETURN_TYPE = YES_ERROR;
				GCC_WARN_UNDECLARED_SELECTOR = YES;
				GCC_WARN_UNINITIALIZED_AUTOS = YES_AGGRESSIVE;
				GCC_WARN_UNUSED_FUNCTION = YES;
				GCC_WARN_UNUSED_VARIABLE = YES;
				IPHONEOS_DEPLOYMENT_TARGET = 9.0;
				MTL_ENABLE_DEBUG_INFO = YES;
				ONLY_ACTIVE_ARCH = YES;
				SDKROOT = iphoneos;
			};
			name = Debug;
		};
		F72619041BDCADC90063DF88 /* Release */ = {
			isa = XCBuildConfiguration;
			buildSettings = {
				ALWAYS_SEARCH_USER_PATHS = NO;
				CLANG_CXX_LANGUAGE_STANDARD = "gnu++0x";
				CLANG_CXX_LIBRARY = "libc++";
				CLANG_ENABLE_MODULES = YES;
				CLANG_ENABLE_OBJC_ARC = YES;
				CLANG_WARN_BOOL_CONVERSION = YES;
				CLANG_WARN_CONSTANT_CONVERSION = YES;
				CLANG_WARN_DIRECT_OBJC_ISA_USAGE = YES_ERROR;
				CLANG_WARN_EMPTY_BODY = YES;
				CLANG_WARN_ENUM_CONVERSION = YES;
				CLANG_WARN_INT_CONVERSION = YES;
				CLANG_WARN_OBJC_ROOT_CLASS = YES_ERROR;
				CLANG_WARN_UNREACHABLE_CODE = YES;
				CLANG_WARN__DUPLICATE_METHOD_MATCH = YES;
				"CODE_SIGN_IDENTITY[sdk=iphoneos*]" = "iPhone Developer";
				COPY_PHASE_STRIP = NO;
				DEBUG_INFORMATION_FORMAT = "dwarf-with-dsym";
				ENABLE_NS_ASSERTIONS = NO;
				ENABLE_STRICT_OBJC_MSGSEND = YES;
				GCC_C_LANGUAGE_STANDARD = gnu99;
				GCC_NO_COMMON_BLOCKS = YES;
				GCC_WARN_64_TO_32_BIT_CONVERSION = YES;
				GCC_WARN_ABOUT_RETURN_TYPE = YES_ERROR;
				GCC_WARN_UNDECLARED_SELECTOR = YES;
				GCC_WARN_UNINITIALIZED_AUTOS = YES_AGGRESSIVE;
				GCC_WARN_UNUSED_FUNCTION = YES;
				GCC_WARN_UNUSED_VARIABLE = YES;
				IPHONEOS_DEPLOYMENT_TARGET = 9.0;
				MTL_ENABLE_DEBUG_INFO = NO;
				SDKROOT = iphoneos;
				VALIDATE_PRODUCT = YES;
			};
			name = Release;
		};
		F72619061BDCADC90063DF88 /* Debug */ = {
			isa = XCBuildConfiguration;
			baseConfigurationReference = 320157F59B58865CDB0FE348 /* Pods-Memory.debug.xcconfig */;
			buildSettings = {
				ASSETCATALOG_COMPILER_APPICON_NAME = AppIcon;
				CLANG_ENABLE_MODULES = YES;
				CODE_SIGN_IDENTITY = "iPhone Developer: Huy Trac (QA8J236SC5)";
				DEVELOPMENT_TEAM = H4CR2L3EVK;
				GCC_PREFIX_HEADER = Memory/PrefixHeader.pch;
				INFOPLIST_FILE = Memory/Info.plist;
				IPHONEOS_DEPLOYMENT_TARGET = 7.0;
				LD_RUNPATH_SEARCH_PATHS = "$(inherited) @executable_path/Frameworks";
				PRODUCT_BUNDLE_IDENTIFIER = com.hungnv.Memory;
				PRODUCT_NAME = "$(TARGET_NAME)";
				PROVISIONING_PROFILE = "7a99e318-cd46-42bc-b3e6-b5ff9f9ccc40";
				PROVISIONING_PROFILE_SPECIFIER = WildcardDevelopment;
				SWIFT_OBJC_BRIDGING_HEADER = "Memory/Memory-Bridging-Header.h";
				SWIFT_OPTIMIZATION_LEVEL = "-Onone";
				SWIFT_VERSION = 3.0;
			};
			name = Debug;
		};
		F72619071BDCADC90063DF88 /* Release */ = {
			isa = XCBuildConfiguration;
			baseConfigurationReference = ACB2CCA0A9B6A5A3C6DC72A6 /* Pods-Memory.release.xcconfig */;
			buildSettings = {
				ASSETCATALOG_COMPILER_APPICON_NAME = AppIcon;
				CLANG_ENABLE_MODULES = YES;
				CODE_SIGN_IDENTITY = "iPhone Distribution: VITALIFY ASIA CO., LTD";
				DEVELOPMENT_TEAM = H4CR2L3EVK;
				GCC_PREFIX_HEADER = Memory/PrefixHeader.pch;
				INFOPLIST_FILE = Memory/Info.plist;
				IPHONEOS_DEPLOYMENT_TARGET = 7.0;
				LD_RUNPATH_SEARCH_PATHS = "$(inherited) @executable_path/Frameworks";
				PRODUCT_BUNDLE_IDENTIFIER = com.hungnv.Memory;
				PRODUCT_NAME = "$(TARGET_NAME)";
				PROVISIONING_PROFILE = "3d14a117-52d1-4577-956d-526fd420941e";
				PROVISIONING_PROFILE_SPECIFIER = "Wildcard App Enterprise Distribution";
				SWIFT_OBJC_BRIDGING_HEADER = "Memory/Memory-Bridging-Header.h";
				SWIFT_VERSION = 3.0;
			};
			name = Release;
		};
		F72619091BDCADC90063DF88 /* Debug */ = {
			isa = XCBuildConfiguration;
			baseConfigurationReference = FE7B5E4337D09BA7A75FF03D /* Pods-MemoryTests.debug.xcconfig */;
			buildSettings = {
				BUNDLE_LOADER = "$(TEST_HOST)";
				CLANG_ENABLE_MODULES = YES;
				INFOPLIST_FILE = MemoryTests/Info.plist;
				LD_RUNPATH_SEARCH_PATHS = "$(inherited) @executable_path/Frameworks @loader_path/Frameworks";
				PRODUCT_BUNDLE_IDENTIFIER = com.hungnv.MemoryTests;
				PRODUCT_NAME = "$(TARGET_NAME)";
				SWIFT_OBJC_BRIDGING_HEADER = "Memory/MemoryTests-Bridging-Header.h";
				SWIFT_OPTIMIZATION_LEVEL = "-Onone";
				SWIFT_VERSION = 3.0;
				TEST_HOST = "$(BUILT_PRODUCTS_DIR)/Memory.app/Memory";
			};
			name = Debug;
		};
		F726190A1BDCADC90063DF88 /* Release */ = {
			isa = XCBuildConfiguration;
			baseConfigurationReference = A16E536289E49922C50AD76A /* Pods-MemoryTests.release.xcconfig */;
			buildSettings = {
				BUNDLE_LOADER = "$(TEST_HOST)";
				CLANG_ENABLE_MODULES = YES;
				INFOPLIST_FILE = MemoryTests/Info.plist;
				LD_RUNPATH_SEARCH_PATHS = "$(inherited) @executable_path/Frameworks @loader_path/Frameworks";
				PRODUCT_BUNDLE_IDENTIFIER = com.hungnv.MemoryTests;
				PRODUCT_NAME = "$(TARGET_NAME)";
				SWIFT_OBJC_BRIDGING_HEADER = "Memory/MemoryTests-Bridging-Header.h";
				SWIFT_VERSION = 3.0;
				TEST_HOST = "$(BUILT_PRODUCTS_DIR)/Memory.app/Memory";
			};
			name = Release;
		};
		F726190C1BDCADC90063DF88 /* Debug */ = {
			isa = XCBuildConfiguration;
			baseConfigurationReference = A79D87997F413731B40F53C7 /* Pods-MemoryUITests.debug.xcconfig */;
			buildSettings = {
				CLANG_ENABLE_MODULES = YES;
				INFOPLIST_FILE = MemoryUITests/Info.plist;
				LD_RUNPATH_SEARCH_PATHS = "$(inherited) @executable_path/Frameworks @loader_path/Frameworks";
				PRODUCT_BUNDLE_IDENTIFIER = com.hungnv.MemoryUITests;
				PRODUCT_NAME = "$(TARGET_NAME)";
				SWIFT_OBJC_BRIDGING_HEADER = "Memory/MemoryUITests-Bridging-Header.h";
				SWIFT_OPTIMIZATION_LEVEL = "-Onone";
				SWIFT_VERSION = 3.0;
				TEST_TARGET_NAME = Memory;
				USES_XCTRUNNER = YES;
			};
			name = Debug;
		};
		F726190D1BDCADC90063DF88 /* Release */ = {
			isa = XCBuildConfiguration;
			baseConfigurationReference = 8A02C1A860671A103568B2E8 /* Pods-MemoryUITests.release.xcconfig */;
			buildSettings = {
				CLANG_ENABLE_MODULES = YES;
				INFOPLIST_FILE = MemoryUITests/Info.plist;
				LD_RUNPATH_SEARCH_PATHS = "$(inherited) @executable_path/Frameworks @loader_path/Frameworks";
				PRODUCT_BUNDLE_IDENTIFIER = com.hungnv.MemoryUITests;
				PRODUCT_NAME = "$(TARGET_NAME)";
				SWIFT_OBJC_BRIDGING_HEADER = "Memory/MemoryUITests-Bridging-Header.h";
				SWIFT_VERSION = 3.0;
				TEST_TARGET_NAME = Memory;
				USES_XCTRUNNER = YES;
			};
			name = Release;
		};
/* End XCBuildConfiguration section */

/* Begin XCConfigurationList section */
		F72618D31BDCADC90063DF88 /* Build configuration list for PBXProject "Memory" */ = {
			isa = XCConfigurationList;
			buildConfigurations = (
				F72619031BDCADC90063DF88 /* Debug */,
				F72619041BDCADC90063DF88 /* Release */,
			);
			defaultConfigurationIsVisible = 0;
			defaultConfigurationName = Release;
		};
		F72619051BDCADC90063DF88 /* Build configuration list for PBXNativeTarget "Memory" */ = {
			isa = XCConfigurationList;
			buildConfigurations = (
				F72619061BDCADC90063DF88 /* Debug */,
				F72619071BDCADC90063DF88 /* Release */,
			);
			defaultConfigurationIsVisible = 0;
			defaultConfigurationName = Release;
		};
		F72619081BDCADC90063DF88 /* Build configuration list for PBXNativeTarget "MemoryTests" */ = {
			isa = XCConfigurationList;
			buildConfigurations = (
				F72619091BDCADC90063DF88 /* Debug */,
				F726190A1BDCADC90063DF88 /* Release */,
			);
			defaultConfigurationIsVisible = 0;
			defaultConfigurationName = Release;
		};
		F726190B1BDCADC90063DF88 /* Build configuration list for PBXNativeTarget "MemoryUITests" */ = {
			isa = XCConfigurationList;
			buildConfigurations = (
				F726190C1BDCADC90063DF88 /* Debug */,
				F726190D1BDCADC90063DF88 /* Release */,
			);
			defaultConfigurationIsVisible = 0;
			defaultConfigurationName = Release;
		};
/* End XCConfigurationList section */
	};
	rootObject = F72618D01BDCADC90063DF88 /* Project object */;
}
